# This file is generated by running "yarn install" inside your project.
# Manual changes might be lost - proceed with caution!

__metadata:
  version: 6
  cacheKey: 8

"@types/node@npm:^20.12.12":
  version: 20.12.12
  resolution: "@types/node@npm:20.12.12"
  dependencies:
    undici-types: ~5.26.4
  checksum: 5373983874b9af7c216e7ca5d26b32a8d9829c703a69f1e66f2113598b5be8582c0e009ca97369f1ec9a6282b3f92812208d06eb1e9fc3bd9b939b022303d042
  languageName: node
  linkType: hard

"asynckit@npm:^0.4.0":
  version: 0.4.0
  resolution: "asynckit@npm:0.4.0"
  checksum: 7b78c451df768adba04e2d02e63e2d0bf3b07adcd6e42b4cf665cb7ce899bedd344c69a1dcbce355b5f972d597b25aaa1c1742b52cffd9caccb22f348114f6be
  languageName: node
  linkType: hard

"axios@npm:^1.7.2":
  version: 1.7.2
  resolution: "axios@npm:1.7.2"
  dependencies:
    follow-redirects: ^1.15.6
    form-data: ^4.0.0
    proxy-from-env: ^1.1.0
  checksum: e457e2b0ab748504621f6fa6609074ac08c824bf0881592209dfa15098ece7e88495300e02cd22ba50b3468fd712fe687e629dcb03d6a3f6a51989727405aedf
  languageName: node
  linkType: hard

"combined-stream@npm:^1.0.8":
  version: 1.0.8
  resolution: "combined-stream@npm:1.0.8"
  dependencies:
    delayed-stream: ~1.0.0
  checksum: 49fa4aeb4916567e33ea81d088f6584749fc90c7abec76fd516bf1c5aa5c79f3584b5ba3de6b86d26ddd64bae5329c4c7479343250cfe71c75bb366eae53bb7c
  languageName: node
  linkType: hard

"delayed-stream@npm:~1.0.0":
  version: 1.0.0
  resolution: "delayed-stream@npm:1.0.0"
  checksum: 46fe6e83e2cb1d85ba50bd52803c68be9bd953282fa7096f51fc29edd5d67ff84ff753c51966061e5ba7cb5e47ef6d36a91924eddb7f3f3483b1c560f77a0020
  languageName: node
  linkType: hard

"follow-redirects@npm:^1.15.6":
  version: 1.15.6
  resolution: "follow-redirects@npm:1.15.6"
  peerDependenciesMeta:
    debug:
      optional: true
  checksum: a62c378dfc8c00f60b9c80cab158ba54e99ba0239a5dd7c81245e5a5b39d10f0c35e249c3379eae719ff0285fff88c365dd446fab19dee771f1d76252df1bbf5
  languageName: node
  linkType: hard

"form-data@npm:^4.0.0":
  version: 4.0.0
  resolution: "form-data@npm:4.0.0"
  dependencies:
    asynckit: ^0.4.0
    combined-stream: ^1.0.8
    mime-types: ^2.1.12
  checksum: 01135bf8675f9d5c61ff18e2e2932f719ca4de964e3be90ef4c36aacfc7b9cb2fceb5eca0b7e0190e3383fe51c5b37f4cb80b62ca06a99aaabfcfd6ac7c9328c
  languageName: node
  linkType: hard

"jssha@npm:3.2.0":
  version: 3.2.0
  resolution: "jssha@npm:3.2.0"
  checksum: 2adb8a9a57a79360379e843c0548e240d072c2ef12aef39ef6a784315686bd6f65501e9353fdd2f3a604f64af07e7eab04a0ed92b221cdfea97d671d7b8e14f4
  languageName: node
  linkType: hard

"mime-db@npm:1.52.0":
  version: 1.52.0
  resolution: "mime-db@npm:1.52.0"
  checksum: 0d99a03585f8b39d68182803b12ac601d9c01abfa28ec56204fa330bc9f3d1c5e14beb049bafadb3dbdf646dfb94b87e24d4ec7b31b7279ef906a8ea9b6a513f
  languageName: node
  linkType: hard

"mime-types@npm:^2.1.12":
  version: 2.1.35
  resolution: "mime-types@npm:2.1.35"
  dependencies:
    mime-db: 1.52.0
  checksum: 89a5b7f1def9f3af5dad6496c5ed50191ae4331cc5389d7c521c8ad28d5fdad2d06fd81baf38fed813dc4e46bb55c8145bb0ff406330818c9cf712fb2e9b3836
  languageName: node
  linkType: hard

"proxy-from-env@npm:^1.1.0":
  version: 1.1.0
  resolution: "proxy-from-env@npm:1.1.0"
  checksum: ed7fcc2ba0a33404958e34d95d18638249a68c430e30fcb6c478497d72739ba64ce9810a24f53a7d921d0c065e5b78e3822759800698167256b04659366ca4d4
  languageName: node
  linkType: hard

"symbol.inspect@npm:1.0.1":
  version: 1.0.1
  resolution: "symbol.inspect@npm:1.0.1"
  checksum: 47fa8d38d0bc5d04c06df2f71bba1a723ee0e015ca042c47b29c11f107877dd1a2e2d2154c9ef5eec11e92e4165d126c844f06d05da80e477581c8f284f05fdf
  languageName: node
  linkType: hard

"ton-core@npm:^0.53.0":
  version: 0.53.0
  resolution: "ton-core@npm:0.53.0"
  dependencies:
    symbol.inspect: 1.0.1
  peerDependencies:
    ton-crypto: ">=3.2.0"
  checksum: a0f6bc3034fda8521e1c628c1bedd5869166be29e4a1267268dd99e885ba25d5d7b67c88970b23bbb332d936ff1fe0d82f776ddb24649f938c047173b81a8629
  languageName: node
  linkType: hard

"ton-crypto-primitives@npm:2.0.0":
  version: 2.0.0
  resolution: "ton-crypto-primitives@npm:2.0.0"
  dependencies:
    jssha: 3.2.0
  checksum: a81e5e7f1e44a2f32c519d6a9c3512c047b837be2f90a4e5aa226378b330ec6f9d36c1937a21b947eb792ae819c6906cfbd5b5eeab891f9df486d570141fc749
  languageName: node
  linkType: hard

"ton-crypto@npm:^3.2.0":
  version: 3.2.0
  resolution: "ton-crypto@npm:3.2.0"
  dependencies:
    jssha: 3.2.0
    ton-crypto-primitives: 2.0.0
    tweetnacl: 1.0.3
  checksum: 5c4b077ce36f6d6583c6fee91be45ba88024cfb17927d2da8fce355f226dba559ba5dc91ee508b205c537d6dd6a34bfea17a26c2656ef80bd72f64d1a2604c45
  languageName: node
  linkType: hard

"ton-x@workspace:.":
  version: 0.0.0-use.local
  resolution: "ton-x@workspace:."
  dependencies:
    "@types/node": ^20.12.12
    axios: ^1.7.2
    ton-core: ^0.53.0
    ton-crypto: ^3.2.0
    typescript: ^5.4.5
  peerDependencies:
    ton-core: ">=0.47.0"
    ton-crypto: ">=3.2.0"
  languageName: unknown
  linkType: soft

"tweetnacl@npm:1.0.3":
  version: 1.0.3
  resolution: "tweetnacl@npm:1.0.3"
  checksum: e4a57cac188f0c53f24c7a33279e223618a2bfb5fea426231991652a13247bea06b081fd745d71291fcae0f4428d29beba1b984b1f1ce6f66b06a6d1ab90645c
  languageName: node
  linkType: hard

"typescript@npm:^5.4.5":
  version: 5.4.5
  resolution: "typescript@npm:5.4.5"
  bin:
    tsc: bin/tsc
    tsserver: bin/tsserver
  checksum: 53c879c6fa1e3bcb194b274d4501ba1985894b2c2692fa079db03c5a5a7140587a1e04e1ba03184605d35f439b40192d9e138eb3279ca8eee313c081c8bcd9b0
  languageName: node
  linkType: hard

"typescript@patch:typescript@^5.4.5#~builtin<compat/typescript>":
  version: 5.4.5
  resolution: "typescript@patch:typescript@npm%3A5.4.5#~builtin<compat/typescript>::version=5.4.5&hash=77c9e2"
  bin:
    tsc: bin/tsc
    tsserver: bin/tsserver
  checksum: 2373c693f3b328f3b2387c3efafe6d257b057a142f9a79291854b14ff4d5367d3d730810aee981726b677ae0fd8329b23309da3b6aaab8263dbdccf1da07a3ba
  languageName: node
  linkType: hard

"undici-types@npm:~5.26.4":
  version: 5.26.5
  resolution: "undici-types@npm:5.26.5"
  checksum: 3192ef6f3fd5df652f2dc1cd782b49d6ff14dc98e5dced492aa8a8c65425227da5da6aafe22523c67f035a272c599bb89cfe803c1db6311e44bed3042fc25487
  languageName: node
  linkType: hard
